
Microsoft Visual Studio Solution File, Format Version 12.00
# Visual Studio Version 16
VisualStudioVersion = 16.0.30907.101
MinimumVisualStudioVersion = 10.0.40219.1
Project("{FAE04EC0-301F-11D3-BF4B-00C04F79EFBC}") = "StepTestApp", "StepTestApp\StepTestApp.csproj", "{12C2BD32-9B1A-4CA1-9D11-B21E206D1B7C}"
EndProject
Global
	GlobalSection(SolutionConfigurationPlatforms) = preSolution
		Debug|Any CPU = Debug|Any CPU
		Release|Any CPU = Release|Any CPU
	EndGlobalSection
	GlobalSection(ProjectConfigurationPlatforms) = postSolution
		{12C2BD32-9B1A-4CA1-9D11-B21E206D1B7C}.Debug|Any CPU.ActiveCfg = Debug|Any CPU
		{12C2BD32-9B1A-4CA1-9D11-B21E206D1B7C}.Debug|Any CPU.Build.0 = Debug|Any CPU
		{12C2BD32-9B1A-4CA1-9D11-B21E206D1B7C}.Release|Any CPU.ActiveCfg = Release|Any CPU
		{12C2BD32-9B1A-4CA1-9D11-B21E206D1B7C}.Release|Any CPU.Build.0 = Release|Any CPU
	EndGlobalSection
	GlobalSection(SolutionProperties) = preSolution
		HideSolutionNode = FALSE
	EndGlobalSection
	GlobalSection(ExtensibilityGlobals) = postSolution
		SolutionGuid = {AF4957FD-806E-40AA-A8A6-45CB10B10A8D}
	EndGlobalSection
EndGlobal
